{
  "_comment": "Pinned pure-Python wheels vendored into the site. Regenerate with website/tools/relock.py.",
  "wheels": [
    {
      "name": "markdownify",
      "version": "1.2.3",
      "filename": "markdownify-1.2.3-py3-none-any.whl",
      "url": "https://files.pythonhosted.org/packages/04/10/fa543d484e8b1199243fe20eedd02cc5af050edebce98a7293a5773df592/markdownify-1.2.3-py3-none-any.whl",
      "sha256": "a189a0bedfd14009030fde5f85bb6f77c56897cb839b5c25315dd7d4e3e290ba"
    },
    {
      "name": "defusedxml",
      "version": "0.7.1",
      "filename": "defusedxml-0.7.1-py2.py3-none-any.whl",
      "url": "https://files.pythonhosted.org/packages/07/6c/aa3f2f849e01cb6a001cd8554a88d4c77c5c1a31c95bdf1cf9301e6d9ef4/defusedxml-0.7.1-py2.py3-none-any.whl",
      "sha256": "a352e7e428770286cc899e2542b6cdaedb2b4953ff269a210103ec58f6198a61"
    },
    {
      "name": "openpyxl",
      "version": "3.1.5",
      "filename": "openpyxl-3.1.5-py2.py3-none-any.whl",
      "url": "https://files.pythonhosted.org/packages/c0/da/977ded879c29cbd04de313843e76868e6e13408a94ed6b987245dc7c8506/openpyxl-3.1.5-py2.py3-none-any.whl",
      "sha256": "5282c12b107bffeef825f4617dc029afaf41d0ea60823bbb665ef3079dc79de2"
    },
    {
      "name": "et_xmlfile",
      "version": "2.0.0",
      "filename": "et_xmlfile-2.0.0-py3-none-any.whl",
      "url": "https://files.pythonhosted.org/packages/c1/8b/5fe2cc11fee489817272089c4203e679c63b570a5aaeb18d852ae3cbba6a/et_xmlfile-2.0.0-py3-none-any.whl",
      "sha256": "7a91720bc756843502c3b7504c77b8fe44217c85c537d85037f0f536151b2caa"
    },
    {
      "name": "olefile",
      "version": "0.47",
      "filename": "olefile-0.47-py2.py3-none-any.whl",
      "url": "https://files.pythonhosted.org/packages/17/d3/b64c356a907242d719fc668b71befd73324e47ab46c8ebbbede252c154b2/olefile-0.47-py2.py3-none-any.whl",
      "sha256": "543c7da2a7adadf21214938bb79c83ea12b473a4b6ee4ad4bf854e7715e13d1f"
    },
    {
      "name": "mammoth",
      "version": "1.12.1",
      "filename": "mammoth-1.12.1-py2.py3-none-any.whl",
      "url": "https://files.pythonhosted.org/packages/be/b4/e7907b278386ffec0cf631db93836e02de9a6386add4653a52d7ac6b43ae/mammoth-1.12.1-py2.py3-none-any.whl",
      "sha256": "2af047e3e796faa25740112310ddf11f8de2a24c96dc57de3c87dfd7cb6543b3"
    },
    {
      "name": "cobble",
      "version": "0.1.4",
      "filename": "cobble-0.1.4-py3-none-any.whl",
      "url": "https://files.pythonhosted.org/packages/d5/e1/3714a2f371985215c219c2a70953d38e3eed81ef165aed061d21de0e998b/cobble-0.1.4-py3-none-any.whl",
      "sha256": "36c91b1655e599fd428e2b95fdd5f0da1ca2e9f1abb0bc871dec21a0e78a2b44"
    },
    {
      "name": "python-pptx",
      "version": "1.0.2",
      "filename": "python_pptx-1.0.2-py3-none-any.whl",
      "url": "https://files.pythonhosted.org/packages/d9/4f/00be2196329ebbff56ce564aa94efb0fbc828d00de250b1980de1a34ab49/python_pptx-1.0.2-py3-none-any.whl",
      "sha256": "160838e0b8565a8b1f67947675886e9fea18aa5e795db7ae531606d68e785cba"
    },
    {
      "name": "XlsxWriter",
      "version": "3.2.9",
      "filename": "xlsxwriter-3.2.9-py3-none-any.whl",
      "url": "https://files.pythonhosted.org/packages/3a/0c/3662f4a66880196a590b202f0db82d919dd2f89e99a27fadef91c4a33d41/xlsxwriter-3.2.9-py3-none-any.whl",
      "sha256": "9a5db42bc5dff014806c58a20b9eae7322a134abb6fce3c92c181bfb275ec5b3"
    },
    {
      "name": "pdfminer.six",
      "version": "20251230",
      "filename": "pdfminer_six-20251230-py3-none-any.whl",
      "url": "https://files.pythonhosted.org/packages/65/d7/b288ea32deb752a09aab73c75e1e7572ab2a2b56c3124a5d1eb24c62ceb3/pdfminer_six-20251230-py3-none-any.whl",
      "sha256": "9ff2e3466a7dfc6de6fd779478850b6b7c2d9e9405aa2a5869376a822771f485"
    },
    {
      "name": "pdfplumber",
      "version": "0.11.9",
      "filename": "pdfplumber-0.11.9-py3-none-any.whl",
      "url": "https://files.pythonhosted.org/packages/8b/c8/cdbc975f5b634e249cfa6597e37c50f3078412474f21c015e508bfbfe3c3/pdfplumber-0.11.9-py3-none-any.whl",
      "sha256": "33ec5580959ba524e9100138746e090879504c42955df1b8a997604dd326c443"
    }
  ]
}
